PODS:
  - Alamofire (3.0.0)
  - Bond (4.0.1)
  - EasyIOS-Swift (2.0):
    - Alamofire
    - Bond
    - HanekeSwift
    - Kingfisher
    - ObjectMapper
    - ReachabilitySwift
    - SnapKit
  - HanekeSwift (0.10.0)
  - Kingfisher (1.6.1)
  - ObjectMapper (0.19)
  - ReachabilitySwift (2.0)
  - SnapKit (0.15.0)
  - SVProgressHUD (1.1.3)

DEPENDENCIES:
  - EasyIOS-Swift (from `../`)
  - SVProgressHUD (~> 1.1.3)

EXTERNAL SOURCES:
  EasyIOS-Swift:
    :path: "../"

SPEC CHECKSUMS:
  Alamofire: b61782387f81bcc538a0284cf2bb5d7995cd0a80
  Bond: c2171736b89ab532587728b77acf40bca1091592
  EasyIOS-Swift: 019b277fb542142d67b77cd0eee5f4014d24c7b5
  HanekeSwift: d6f5bdf9dbdbbc09d59623b2c1d533e46463dd4d
  Kingfisher: a40cf8134ba1a78f395bdd3ee97d386ff3c3be0d
  ObjectMapper: a88114e5df20f055da63029f25cbc01014847c91
  ReachabilitySwift: 227b98ae7ec99e1c01148b17fb22357aa91a5675
  SnapKit: 4962eed2ee18e48cbd2b2292fffc57efe7235f87
  SVProgressHUD: 748080e4f36e603f6c02aec292664239df5279c1

COCOAPODS: 0.39.0
